
Microsoft Visual Studio Solution File, Format Version 12.00
# Visual Studio Version 17
VisualStudioVersion = 17.5.2.0
MinimumVisualStudioVersion = 10.0.40219.1
Project("{FAE04EC0-301F-11D3-BF4B-00C04F79EFBC}") = "MeuPrimeiroPrograma", "MeuPrimeiroPrograma.csproj", "{9D592CB1-A5DD-70F4-81F3-59B3CE6D45A6}"
EndProject
Project("{FAE04EC0-301F-11D3-BF4B-00C04F79EFBC}") = "segunda_aula", "segunda_aula\segunda_aula.csproj", "{471E543E-897D-49CC-80B7-6190ED310F4C}"
EndProject
Global
	GlobalSection(SolutionConfigurationPlatforms) = preSolution
		Debug|Any CPU = Debug|Any CPU
		Debug|x64 = Debug|x64
		Debug|x86 = Debug|x86
		Release|Any CPU = Release|Any CPU
		Release|x64 = Release|x64
		Release|x86 = Release|x86
	EndGlobalSection
	GlobalSection(ProjectConfigurationPlatforms) = postSolution
		{9D592CB1-A5DD-70F4-81F3-59B3CE6D45A6}.Debug|Any CPU.ActiveCfg = Debug|Any CPU
		{9D592CB1-A5DD-70F4-81F3-59B3CE6D45A6}.Debug|Any CPU.Build.0 = Debug|Any CPU
		{9D592CB1-A5DD-70F4-81F3-59B3CE6D45A6}.Debug|x64.ActiveCfg = Debug|Any CPU
		{9D592CB1-A5DD-70F4-81F3-59B3CE6D45A6}.Debug|x64.Build.0 = Debug|Any CPU
		{9D592CB1-A5DD-70F4-81F3-59B3CE6D45A6}.Debug|x86.ActiveCfg = Debug|Any CPU
		{9D592CB1-A5DD-70F4-81F3-59B3CE6D45A6}.Debug|x86.Build.0 = Debug|Any CPU
		{9D592CB1-A5DD-70F4-81F3-59B3CE6D45A6}.Release|Any CPU.ActiveCfg = Release|Any CPU
		{9D592CB1-A5DD-70F4-81F3-59B3CE6D45A6}.Release|Any CPU.Build.0 = Release|Any CPU
		{9D592CB1-A5DD-70F4-81F3-59B3CE6D45A6}.Release|x64.ActiveCfg = Release|Any CPU
		{9D592CB1-A5DD-70F4-81F3-59B3CE6D45A6}.Release|x64.Build.0 = Release|Any CPU
		{9D592CB1-A5DD-70F4-81F3-59B3CE6D45A6}.Release|x86.ActiveCfg = Release|Any CPU
		{9D592CB1-A5DD-70F4-81F3-59B3CE6D45A6}.Release|x86.Build.0 = Release|Any CPU
		{471E543E-897D-49CC-80B7-6190ED310F4C}.Debug|Any CPU.ActiveCfg = Debug|Any CPU
		{471E543E-897D-49CC-80B7-6190ED310F4C}.Debug|Any CPU.Build.0 = Debug|Any CPU
		{471E543E-897D-49CC-80B7-6190ED310F4C}.Debug|x64.ActiveCfg = Debug|Any CPU
		{471E543E-897D-49CC-80B7-6190ED310F4C}.Debug|x64.Build.0 = Debug|Any CPU
		{471E543E-897D-49CC-80B7-6190ED310F4C}.Debug|x86.ActiveCfg = Debug|Any CPU
		{471E543E-897D-49CC-80B7-6190ED310F4C}.Debug|x86.Build.0 = Debug|Any CPU
		{471E543E-897D-49CC-80B7-6190ED310F4C}.Release|Any CPU.ActiveCfg = Release|Any CPU
		{471E543E-897D-49CC-80B7-6190ED310F4C}.Release|Any CPU.Build.0 = Release|Any CPU
		{471E543E-897D-49CC-80B7-6190ED310F4C}.Release|x64.ActiveCfg = Release|Any CPU
		{471E543E-897D-49CC-80B7-6190ED310F4C}.Release|x64.Build.0 = Release|Any CPU
		{471E543E-897D-49CC-80B7-6190ED310F4C}.Release|x86.ActiveCfg = Release|Any CPU
		{471E543E-897D-49CC-80B7-6190ED310F4C}.Release|x86.Build.0 = Release|Any CPU
	EndGlobalSection
	GlobalSection(SolutionProperties) = preSolution
		HideSolutionNode = FALSE
	EndGlobalSection
	GlobalSection(ExtensibilityGlobals) = postSolution
		SolutionGuid = {9E50AE82-2AD0-4684-90A4-A0650B18AF40}
	EndGlobalSection
EndGlobal
