Microsoft Visual Studio Solution File, Format Version 12.00
# Visual Studio Version 17
VisualStudioVersion = 17.5.2.0
MinimumVisualStudioVersion = 10.0.40219.1
Project("{FAE04EC0-301F-11D3-BF4B-00C04F79EFBC}") = "quinta_aula", "quinta_aula\quinta_aula.csproj", "{60B634C6-2366-B918-822F-1DF6B94E518E}"
EndProject
Global
	GlobalSection(SolutionConfigurationPlatforms) = preSolution
		Debug|Any CPU = Debug|Any CPU
		Release|Any CPU = Release|Any CPU
	EndGlobalSection
	GlobalSection(ProjectConfigurationPlatforms) = postSolution
		{60B634C6-2366-B918-822F-1DF6B94E518E}.Debug|Any CPU.ActiveCfg = Debug|Any CPU
		{60B634C6-2366-B918-822F-1DF6B94E518E}.Debug|Any CPU.Build.0 = Debug|Any CPU
		{60B634C6-2366-B918-822F-1DF6B94E518E}.Release|Any CPU.ActiveCfg = Release|Any CPU
		{60B634C6-2366-B918-822F-1DF6B94E518E}.Release|Any CPU.Build.0 = Release|Any CPU
	EndGlobalSection
	GlobalSection(SolutionProperties) = preSolution
		HideSolutionNode = FALSE
	EndGlobalSection
	GlobalSection(ExtensibilityGlobals) = postSolution
		SolutionGuid = {E4CD87E5-867F-4D88-ADCD-C57D1285B02E}
	EndGlobalSection
EndGlobal
